{
  "name": "ajs2",
  "version": "1.0.0",
  "lockfileVersion": 2,
  "requires": true,
  "packages": {
    "": {
      "name": "ajs2",
      "version": "1.0.0",
      "license": "ISC",
      "dependencies": {
        "@lulzseq/ajs": "^1.0.0"
      }
    },
    "node_modules/@lulzseq/ajs": {
      "version": "1.0.0",
      "resolved": "https://npm.pkg.github.com/download/@lulzseq/ajs/1.0.0/0b75c348c8535073011ec40290ae1231baf4e2a7",
      "integrity": "sha512-zURjREtAJy45lLl15CwVR8Wo3tbWgj6zaXljAHYgVFzETIGBqdba05MBe9yWx6vbJ6bfy7xaJPfSfvrBKqbW5g==",
      "license": "ISC"
    }
  },
  "dependencies": {
    "@lulzseq/ajs": {
      "version": "1.0.0",
      "resolved": "https://npm.pkg.github.com/download/@lulzseq/ajs/1.0.0/0b75c348c8535073011ec40290ae1231baf4e2a7",
      "integrity": "sha512-zURjREtAJy45lLl15CwVR8Wo3tbWgj6zaXljAHYgVFzETIGBqdba05MBe9yWx6vbJ6bfy7xaJPfSfvrBKqbW5g=="
    }
  }
}
